// !$*UTF8*$!
{
	archiveVersion = 1;
	classes = {
	};
	objectVersion = 55;
	objects = {

/* Begin PBXBuildFile section */
		2FDB00F2273D656E0027EB50 /* AppDelegate.swift in Sources */ = {isa = PBXBuildFile; fileRef = 2FDB00F1273D656E0027EB50 /* AppDelegate.swift */; };
		2FDB00F4273D656E0027EB50 /* SceneDelegate.swift in Sources */ = {isa = PBXBuildFile; fileRef = 2FDB00F3273D656E0027EB50 /* SceneDelegate.swift */; };
		2FDB00F6273D656E0027EB50 /* ViewController.swift in Sources */ = {isa = PBXBuildFile; fileRef = 2FDB00F5273D656E0027EB50 /* ViewController.swift */; };
		2FDB00F9273D656E0027EB50 /* Main.storyboard in Resources */ = {isa = PBXBuildFile; fileRef = 2FDB00F7273D656E0027EB50 /* Main.storyboard */; };
		2FDB00FB273D65700027EB50 /* Assets.xcassets in Resources */ = {isa = PBXBuildFile; fileRef = 2FDB00FA273D65700027EB50 /* Assets.xcassets */; };
		2FDB00FE273D65700027EB50 /* LaunchScreen.storyboard in Resources */ = {isa = PBXBuildFile; fileRef = 2FDB00FC273D65700027EB50 /* LaunchScreen.storyboard */; };
		2FDB010B273D67D70027EB50 /* ActionSheetCell.swift in Sources */ = {isa = PBXBuildFile; fileRef = 2FDB0109273D67D70027EB50 /* ActionSheetCell.swift */; };
		2FDB010C273D67D70027EB50 /* ActionSheetCell.xib in Resources */ = {isa = PBXBuildFile; fileRef = 2FDB010A273D67D70027EB50 /* ActionSheetCell.xib */; };
		2FDB0110273D6A7C0027EB50 /* Company.swift in Sources */ = {isa = PBXBuildFile; fileRef = 2FDB010F273D6A7C0027EB50 /* Company.swift */; };
		2FDB0112273D6AB30027EB50 /* DataProvider.swift in Sources */ = {isa = PBXBuildFile; fileRef = 2FDB0111273D6AB30027EB50 /* DataProvider.swift */; };
		2FDB0116273D7F330027EB50 /* ActionSheet.swift in Sources */ = {isa = PBXBuildFile; fileRef = 2FDB0115273D7F330027EB50 /* ActionSheet.swift */; };
		2FDB0118273D7F520027EB50 /* ActionSheet.xib in Resources */ = {isa = PBXBuildFile; fileRef = 2FDB0117273D7F520027EB50 /* ActionSheet.xib */; };
		2FDB011B273DB8D00027EB50 /* UIView+Utils.swift in Sources */ = {isa = PBXBuildFile; fileRef = 2FDB011A273DB8D00027EB50 /* UIView+Utils.swift */; };
		2FDB011D273DCDA60027EB50 /* UIColor+Utils.swift in Sources */ = {isa = PBXBuildFile; fileRef = 2FDB011C273DCDA60027EB50 /* UIColor+Utils.swift */; };
		2FDB011F273DEC180027EB50 /* UIImageView+Utils.swift in Sources */ = {isa = PBXBuildFile; fileRef = 2FDB011E273DEC180027EB50 /* UIImageView+Utils.swift */; };
/* End PBXBuildFile section */

/* Begin PBXFileReference section */
		2FDB00EE273D656E0027EB50 /* VKActionSheet.app */ = {isa = PBXFileReference; explicitFileType = wrapper.application; includeInIndex = 0; path = VKActionSheet.app; sourceTree = BUILT_PRODUCTS_DIR; };
		2FDB00F1273D656E0027EB50 /* AppDelegate.swift */ = {isa = PBXFileReference; lastKnownFileType = sourcecode.swift; path = AppDelegate.swift; sourceTree = "<group>"; };
		2FDB00F3273D656E0027EB50 /* SceneDelegate.swift */ = {isa = PBXFileReference; lastKnownFileType = sourcecode.swift; path = SceneDelegate.swift; sourceTree = "<group>"; };
		2FDB00F5273D656E0027EB50 /* ViewController.swift */ = {isa = PBXFileReference; lastKnownFileType = sourcecode.swift; path = ViewController.swift; sourceTree = "<group>"; };
		2FDB00F8273D656E0027EB50 /* Base */ = {isa = PBXFileReference; lastKnownFileType = file.storyboard; name = Base; path = Base.lproj/Main.storyboard; sourceTree = "<group>"; };
		2FDB00FA273D65700027EB50 /* Assets.xcassets */ = {isa = PBXFileReference; lastKnownFileType = folder.assetcatalog; path = Assets.xcassets; sourceTree = "<group>"; };
		2FDB00FD273D65700027EB50 /* Base */ = {isa = PBXFileReference; lastKnownFileType = file.storyboard; name = Base; path = Base.lproj/LaunchScreen.storyboard; sourceTree = "<group>"; };
		2FDB00FF273D65700027EB50 /* Info.plist */ = {isa = PBXFileReference; lastKnownFileType = text.plist.xml; path = Info.plist; sourceTree = "<group>"; };
		2FDB0109273D67D70027EB50 /* ActionSheetCell.swift */ = {isa = PBXFileReference; lastKnownFileType = sourcecode.swift; path = ActionSheetCell.swift; sourceTree = "<group>"; };
		2FDB010A273D67D70027EB50 /* ActionSheetCell.xib */ = {isa = PBXFileReference; lastKnownFileType = file.xib; path = ActionSheetCell.xib; sourceTree = "<group>"; };
		2FDB010F273D6A7C0027EB50 /* Company.swift */ = {isa = PBXFileReference; lastKnownFileType = sourcecode.swift; path = Company.swift; sourceTree = "<group>"; };
		2FDB0111273D6AB30027EB50 /* DataProvider.swift */ = {isa = PBXFileReference; lastKnownFileType = sourcecode.swift; path = DataProvider.swift; sourceTree = "<group>"; };
		2FDB0115273D7F330027EB50 /* ActionSheet.swift */ = {isa = PBXFileReference; lastKnownFileType = sourcecode.swift; path = ActionSheet.swift; sourceTree = "<group>"; };
		2FDB0117273D7F520027EB50 /* ActionSheet.xib */ = {isa = PBXFileReference; lastKnownFileType = file.xib; path = ActionSheet.xib; sourceTree = "<group>"; };
		2FDB011A273DB8D00027EB50 /* UIView+Utils.swift */ = {isa = PBXFileReference; lastKnownFileType = sourcecode.swift; path = "UIView+Utils.swift"; sourceTree = "<group>"; };
		2FDB011C273DCDA60027EB50 /* UIColor+Utils.swift */ = {isa = PBXFileReference; lastKnownFileType = sourcecode.swift; path = "UIColor+Utils.swift"; sourceTree = "<group>"; };
		2FDB011E273DEC180027EB50 /* UIImageView+Utils.swift */ = {isa = PBXFileReference; lastKnownFileType = sourcecode.swift; path = "UIImageView+Utils.swift"; sourceTree = "<group>"; };
/* End PBXFileReference section */

/* Begin PBXFrameworksBuildPhase section */
		2FDB00EB273D656D0027EB50 /* Frameworks */ = {
			isa = PBXFrameworksBuildPhase;
			buildActionMask = 2147483647;
			files = (
			);
			runOnlyForDeploymentPostprocessing = 0;
		};
/* End PBXFrameworksBuildPhase section */

/* Begin PBXGroup section */
		2FDB00E5273D656D0027EB50 = {
			isa = PBXGroup;
			children = (
				2FDB00F0273D656E0027EB50 /* VKActionSheet */,
				2FDB00EF273D656E0027EB50 /* Products */,
			);
			sourceTree = "<group>";
		};
		2FDB00EF273D656E0027EB50 /* Products */ = {
			isa = PBXGroup;
			children = (
				2FDB00EE273D656E0027EB50 /* VKActionSheet.app */,
			);
			name = Products;
			sourceTree = "<group>";
		};
		2FDB00F0273D656E0027EB50 /* VKActionSheet */ = {
			isa = PBXGroup;
			children = (
				2FDB010E273D6A700027EB50 /* Model */,
				2FDB00F1273D656E0027EB50 /* AppDelegate.swift */,
				2FDB00F3273D656E0027EB50 /* SceneDelegate.swift */,
				2FDB00F5273D656E0027EB50 /* ViewController.swift */,
				2FDB00F7273D656E0027EB50 /* Main.storyboard */,
				2FDB010D273D6A5B0027EB50 /* ActionSheet */,
				2FDB00FA273D65700027EB50 /* Assets.xcassets */,
				2FDB00FC273D65700027EB50 /* LaunchScreen.storyboard */,
				2FDB00FF273D65700027EB50 /* Info.plist */,
			);
			path = VKActionSheet;
			sourceTree = "<group>";
		};
		2FDB010D273D6A5B0027EB50 /* ActionSheet */ = {
			isa = PBXGroup;
			children = (
				2FDB0119273DB8C40027EB50 /* Utils */,
				2FDB0115273D7F330027EB50 /* ActionSheet.swift */,
				2FDB0117273D7F520027EB50 /* ActionSheet.xib */,
				2FDB0109273D67D70027EB50 /* ActionSheetCell.swift */,
				2FDB010A273D67D70027EB50 /* ActionSheetCell.xib */,
			);
			path = ActionSheet;
			sourceTree = "<group>";
		};
		2FDB010E273D6A700027EB50 /* Model */ = {
			isa = PBXGroup;
			children = (
				2FDB010F273D6A7C0027EB50 /* Company.swift */,
				2FDB0111273D6AB30027EB50 /* DataProvider.swift */,
			);
			path = Model;
			sourceTree = "<group>";
		};
		2FDB0119273DB8C40027EB50 /* Utils */ = {
			isa = PBXGroup;
			children = (
				2FDB011A273DB8D00027EB50 /* UIView+Utils.swift */,
				2FDB011C273DCDA60027EB50 /* UIColor+Utils.swift */,
				2FDB011E273DEC180027EB50 /* UIImageView+Utils.swift */,
			);
			path = Utils;
			sourceTree = "<group>";
		};
/* End PBXGroup section */

/* Begin PBXNativeTarget section */
		2FDB00ED273D656D0027EB50 /* VKActionSheet */ = {
			isa = PBXNativeTarget;
			buildConfigurationList = 2FDB0102273D65700027EB50 /* Build configuration list for PBXNativeTarget "VKActionSheet" */;
			buildPhases = (
				2FDB00EA273D656D0027EB50 /* Sources */,
				2FDB00EB273D656D0027EB50 /* Frameworks */,
				2FDB00EC273D656D0027EB50 /* Resources */,
			);
			buildRules = (
			);
			dependencies = (
			);
			name = VKActionSheet;
			productName = VKActionSheet;
			productReference = 2FDB00EE273D656E0027EB50 /* VKActionSheet.app */;
			productType = "com.apple.product-type.application";
		};
/* End PBXNativeTarget section */

/* Begin PBXProject section */
		2FDB00E6273D656D0027EB50 /* Project object */ = {
			isa = PBXProject;
			attributes = {
				BuildIndependentTargetsInParallel = 1;
				LastSwiftUpdateCheck = 1310;
				LastUpgradeCheck = 1310;
				TargetAttributes = {
					2FDB00ED273D656D0027EB50 = {
						CreatedOnToolsVersion = 13.1;
					};
				};
			};
			buildConfigurationList = 2FDB00E9273D656D0027EB50 /* Build configuration list for PBXProject "VKActionSheet" */;
			compatibilityVersion = "Xcode 13.0";
			developmentRegion = en;
			hasScannedForEncodings = 0;
			knownRegions = (
				en,
				Base,
			);
			mainGroup = 2FDB00E5273D656D0027EB50;
			productRefGroup = 2FDB00EF273D656E0027EB50 /* Products */;
			projectDirPath = "";
			projectRoot = "";
			targets = (
				2FDB00ED273D656D0027EB50 /* VKActionSheet */,
			);
		};
/* End PBXProject section */

/* Begin PBXResourcesBuildPhase section */
		2FDB00EC273D656D0027EB50 /* Resources */ = {
			isa = PBXResourcesBuildPhase;
			buildActionMask = 2147483647;
			files = (
				2FDB00FE273D65700027EB50 /* LaunchScreen.storyboard in Resources */,
				2FDB010C273D67D70027EB50 /* ActionSheetCell.xib in Resources */,
				2FDB0118273D7F520027EB50 /* ActionSheet.xib in Resources */,
				2FDB00FB273D65700027EB50 /* Assets.xcassets in Resources */,
				2FDB00F9273D656E0027EB50 /* Main.storyboard in Resources */,
			);
			runOnlyForDeploymentPostprocessing = 0;
		};
/* End PBXResourcesBuildPhase section */

/* Begin PBXSourcesBuildPhase section */
		2FDB00EA273D656D0027EB50 /* Sources */ = {
			isa = PBXSourcesBuildPhase;
			buildActionMask = 2147483647;
			files = (
				2FDB011D273DCDA60027EB50 /* UIColor+Utils.swift in Sources */,
				2FDB010B273D67D70027EB50 /* ActionSheetCell.swift in Sources */,
				2FDB00F6273D656E0027EB50 /* ViewController.swift in Sources */,
				2FDB011B273DB8D00027EB50 /* UIView+Utils.swift in Sources */,
				2FDB0112273D6AB30027EB50 /* DataProvider.swift in Sources */,
				2FDB00F2273D656E0027EB50 /* AppDelegate.swift in Sources */,
				2FDB00F4273D656E0027EB50 /* SceneDelegate.swift in Sources */,
				2FDB0116273D7F330027EB50 /* ActionSheet.swift in Sources */,
				2FDB011F273DEC180027EB50 /* UIImageView+Utils.swift in Sources */,
				2FDB0110273D6A7C0027EB50 /* Company.swift in Sources */,
			);
			runOnlyForDeploymentPostprocessing = 0;
		};
/* End PBXSourcesBuildPhase section */

/* Begin PBXVariantGroup section */
		2FDB00F7273D656E0027EB50 /* Main.storyboard */ = {
			isa = PBXVariantGroup;
			children = (
				2FDB00F8273D656E0027EB50 /* Base */,
			);
			name = Main.storyboard;
			sourceTree = "<group>";
		};
		2FDB00FC273D65700027EB50 /* LaunchScreen.storyboard */ = {
			isa = PBXVariantGroup;
			children = (
				2FDB00FD273D65700027EB50 /* Base */,
			);
			name = LaunchScreen.storyboard;
			sourceTree = "<group>";
		};
/* End PBXVariantGroup section */

/* Begin XCBuildConfiguration section */
		2FDB0100273D65700027EB50 /* Debug */ = {
			isa = XCBuildConfiguration;
			buildSettings = {
				ALWAYS_SEARCH_USER_PATHS = NO;
				CLANG_ANALYZER_NONNULL = YES;
				CLANG_ANALYZER_NUMBER_OBJECT_CONVERSION = YES_AGGRESSIVE;
				CLANG_CXX_LANGUAGE_STANDARD = "gnu++17";
				CLANG_CXX_LIBRARY = "libc++";
				CLANG_ENABLE_MODULES = YES;
				CLANG_ENABLE_OBJC_ARC = YES;
				CLANG_ENABLE_OBJC_WEAK = YES;
				CLANG_WARN_BLOCK_CAPTURE_AUTORELEASING = YES;
				CLANG_WARN_BOOL_CONVERSION = YES;
				CLANG_WARN_COMMA = YES;
				CLANG_WARN_CONSTANT_CONVERSION = YES;
				CLANG_WARN_DEPRECATED_OBJC_IMPLEMENTATIONS = YES;
				CLANG_WARN_DIRECT_OBJC_ISA_USAGE = YES_ERROR;
				CLANG_WARN_DOCUMENTATION_COMMENTS = YES;
				CLANG_WARN_EMPTY_BODY = YES;
				CLANG_WARN_ENUM_CONVERSION = YES;
				CLANG_WARN_INFINITE_RECURSION = YES;
				CLANG_WARN_INT_CONVERSION = YES;
				CLANG_WARN_NON_LITERAL_NULL_CONVERSION = YES;
				CLANG_WARN_OBJC_IMPLICIT_RETAIN_SELF = YES;
				CLANG_WARN_OBJC_LITERAL_CONVERSION = YES;
				CLANG_WARN_OBJC_ROOT_CLASS = YES_ERROR;
				CLANG_WARN_QUOTED_INCLUDE_IN_FRAMEWORK_HEADER = YES;
				CLANG_WARN_RANGE_LOOP_ANALYSIS = YES;
				CLANG_WARN_STRICT_PROTOTYPES = YES;
				CLANG_WARN_SUSPICIOUS_MOVE = YES;
				CLANG_WARN_UNGUARDED_AVAILABILITY = YES_AGGRESSIVE;
				CLANG_WARN_UNREACHABLE_CODE = YES;
				CLANG_WARN__DUPLICATE_METHOD_MATCH = YES;
				COPY_PHASE_STRIP = NO;
				DEBUG_INFORMATION_FORMAT = dwarf;
				ENABLE_STRICT_OBJC_MSGSEND = YES;
				ENABLE_TESTABILITY = YES;
				GCC_C_LANGUAGE_STANDARD = gnu11;
				GCC_DYNAMIC_NO_PIC = NO;
				GCC_NO_COMMON_BLOCKS = YES;
				GCC_OPTIMIZATION_LEVEL = 0;
				GCC_PREPROCESSOR_DEFINITIONS = (
					"DEBUG=1",
					"$(inherited)",
				);
				GCC_WARN_64_TO_32_BIT_CONVERSION = YES;
				GCC_WARN_ABOUT_RETURN_TYPE = YES_ERROR;
				GCC_WARN_UNDECLARED_SELECTOR = YES;
				GCC_WARN_UNINITIALIZED_AUTOS = YES_AGGRESSIVE;
				GCC_WARN_UNUSED_FUNCTION = YES;
				GCC_WARN_UNUSED_VARIABLE = YES;
				IPHONEOS_DEPLOYMENT_TARGET = 15.0;
				MTL_ENABLE_DEBUG_INFO = INCLUDE_SOURCE;
				MTL_FAST_MATH = YES;
				ONLY_ACTIVE_ARCH = YES;
				SDKROOT = iphoneos;
				SWIFT_ACTIVE_COMPILATION_CONDITIONS = DEBUG;
				SWIFT_OPTIMIZATION_LEVEL = "-Onone";
			};
			name = Debug;
		};
		2FDB0101273D65700027EB50 /* Release */ = {
			isa = XCBuildConfiguration;
			buildSettings = {
				ALWAYS_SEARCH_USER_PATHS = NO;
				CLANG_ANALYZER_NONNULL = YES;
				CLANG_ANALYZER_NUMBER_OBJECT_CONVERSION = YES_AGGRESSIVE;
				CLANG_CXX_LANGUAGE_STANDARD = "gnu++17";
				CLANG_CXX_LIBRARY = "libc++";
				CLANG_ENABLE_MODULES = YES;
				CLANG_ENABLE_OBJC_ARC = YES;
				CLANG_ENABLE_OBJC_WEAK = YES;
				CLANG_WARN_BLOCK_CAPTURE_AUTORELEASING = YES;
				CLANG_WARN_BOOL_CONVERSION = YES;
				CLANG_WARN_COMMA = YES;
				CLANG_WARN_CONSTANT_CONVERSION = YES;
				CLANG_WARN_DEPRECATED_OBJC_IMPLEMENTATIONS = YES;
				CLANG_WARN_DIRECT_OBJC_ISA_USAGE = YES_ERROR;
				CLANG_WARN_DOCUMENTATION_COMMENTS = YES;
				CLANG_WARN_EMPTY_BODY = YES;
				CLANG_WARN_ENUM_CONVERSION = YES;
				CLANG_WARN_INFINITE_RECURSION = YES;
				CLANG_WARN_INT_CONVERSION = YES;
				CLANG_WARN_NON_LITERAL_NULL_CONVERSION = YES;
				CLANG_WARN_OBJC_IMPLICIT_RETAIN_SELF = YES;
				CLANG_WARN_OBJC_LITERAL_CONVERSION = YES;
				CLANG_WARN_OBJC_ROOT_CLASS = YES_ERROR;
				CLANG_WARN_QUOTED_INCLUDE_IN_FRAMEWORK_HEADER = YES;
				CLANG_WARN_RANGE_LOOP_ANALYSIS = YES;
				CLANG_WARN_STRICT_PROTOTYPES = YES;
				CLANG_WARN_SUSPICIOUS_MOVE = YES;
				CLANG_WARN_UNGUARDED_AVAILABILITY = YES_AGGRESSIVE;
				CLANG_WARN_UNREACHABLE_CODE = YES;
				CLANG_WARN__DUPLICATE_METHOD_MATCH = YES;
				COPY_PHASE_STRIP = NO;
				DEBUG_INFORMATION_FORMAT = "dwarf-with-dsym";
				ENABLE_NS_ASSERTIONS = NO;
				ENABLE_STRICT_OBJC_MSGSEND = YES;
				GCC_C_LANGUAGE_STANDARD = gnu11;
				GCC_NO_COMMON_BLOCKS = YES;
				GCC_WARN_64_TO_32_BIT_CONVERSION = YES;
				GCC_WARN_ABOUT_RETURN_TYPE = YES_ERROR;
				GCC_WARN_UNDECLARED_SELECTOR = YES;
				GCC_WARN_UNINITIALIZED_AUTOS = YES_AGGRESSIVE;
				GCC_WARN_UNUSED_FUNCTION = YES;
				GCC_WARN_UNUSED_VARIABLE = YES;
				IPHONEOS_DEPLOYMENT_TARGET = 15.0;
				MTL_ENABLE_DEBUG_INFO = NO;
				MTL_FAST_MATH = YES;
				SDKROOT = iphoneos;
				SWIFT_COMPILATION_MODE = wholemodule;
				SWIFT_OPTIMIZATION_LEVEL = "-O";
				VALIDATE_PRODUCT = YES;
			};
			name = Release;
		};
		2FDB0103273D65700027EB50 /* Debug */ = {
			isa = XCBuildConfiguration;
			buildSettings = {
				ASSETCATALOG_COMPILER_APPICON_NAME = AppIcon;
				ASSETCATALOG_COMPILER_GLOBAL_ACCENT_COLOR_NAME = AccentColor;
				CODE_SIGN_STYLE = Automatic;
				CURRENT_PROJECT_VERSION = 1;
				DEVELOPMENT_TEAM = M2W7A5AWJY;
				GENERATE_INFOPLIST_FILE = YES;
				INFOPLIST_FILE = VKActionSheet/Info.plist;
				INFOPLIST_KEY_UIApplicationSupportsIndirectInputEvents = YES;
				INFOPLIST_KEY_UILaunchStoryboardName = LaunchScreen;
				INFOPLIST_KEY_UIMainStoryboardFile = Main;
				INFOPLIST_KEY_UISupportedInterfaceOrientations_iPad = "UIInterfaceOrientationPortrait UIInterfaceOrientationPortraitUpsideDown UIInterfaceOrientationLandscapeLeft UIInterfaceOrientationLandscapeRight";
				INFOPLIST_KEY_UISupportedInterfaceOrientations_iPhone = "UIInterfaceOrientationPortrait UIInterfaceOrientationLandscapeLeft UIInterfaceOrientationLandscapeRight";
				LD_RUNPATH_SEARCH_PATHS = (
					"$(inherited)",
					"@executable_path/Frameworks",
				);
				MARKETING_VERSION = 1.0;
				PRODUCT_BUNDLE_IDENTIFIER = com.vkostechko.VKActionSheet;
				PRODUCT_NAME = "$(TARGET_NAME)";
				SWIFT_EMIT_LOC_STRINGS = YES;
				SWIFT_VERSION = 5.0;
				TARGETED_DEVICE_FAMILY = "1,2";
			};
			name = Debug;
		};
		2FDB0104273D65700027EB50 /* Release */ = {
			isa = XCBuildConfiguration;
			buildSettings = {
				ASSETCATALOG_COMPILER_APPICON_NAME = AppIcon;
				ASSETCATALOG_COMPILER_GLOBAL_ACCENT_COLOR_NAME = AccentColor;
				CODE_SIGN_STYLE = Automatic;
				CURRENT_PROJECT_VERSION = 1;
				DEVELOPMENT_TEAM = M2W7A5AWJY;
				GENERATE_INFOPLIST_FILE = YES;
				INFOPLIST_FILE = VKActionSheet/Info.plist;
				INFOPLIST_KEY_UIApplicationSupportsIndirectInputEvents = YES;
				INFOPLIST_KEY_UILaunchStoryboardName = LaunchScreen;
				INFOPLIST_KEY_UIMainStoryboardFile = Main;
				INFOPLIST_KEY_UISupportedInterfaceOrientations_iPad = "UIInterfaceOrientationPortrait UIInterfaceOrientationPortraitUpsideDown UIInterfaceOrientationLandscapeLeft UIInterfaceOrientationLandscapeRight";
				INFOPLIST_KEY_UISupportedInterfaceOrientations_iPhone = "UIInterfaceOrientationPortrait UIInterfaceOrientationLandscapeLeft UIInterfaceOrientationLandscapeRight";
				LD_RUNPATH_SEARCH_PATHS = (
					"$(inherited)",
					"@executable_path/Frameworks",
				);
				MARKETING_VERSION = 1.0;
				PRODUCT_BUNDLE_IDENTIFIER = com.vkostechko.VKActionSheet;
				PRODUCT_NAME = "$(TARGET_NAME)";
				SWIFT_EMIT_LOC_STRINGS = YES;
				SWIFT_VERSION = 5.0;
				TARGETED_DEVICE_FAMILY = "1,2";
			};
			name = Release;
		};
/* End XCBuildConfiguration section */

/* Begin XCConfigurationList section */
		2FDB00E9273D656D0027EB50 /* Build configuration list for PBXProject "VKActionSheet" */ = {
			isa = XCConfigurationList;
			buildConfigurations = (
				2FDB0100273D65700027EB50 /* Debug */,
				2FDB0101273D65700027EB50 /* Release */,
			);
			defaultConfigurationIsVisible = 0;
			defaultConfigurationName = Release;
		};
		2FDB0102273D65700027EB50 /* Build configuration list for PBXNativeTarget "VKActionSheet" */ = {
			isa = XCConfigurationList;
			buildConfigurations = (
				2FDB0103273D65700027EB50 /* Debug */,
				2FDB0104273D65700027EB50 /* Release */,
			);
			defaultConfigurationIsVisible = 0;
			defaultConfigurationName = Release;
		};
/* End XCConfigurationList section */
	};
	rootObject = 2FDB00E6273D656D0027EB50 /* Project object */;
}
